<?xml version="1.0" encoding="utf-8"?>
<Project ToolsVersion="4.0" xmlns="http://schemas.microsoft.com/developer/msbuild/2003">
  <ItemGroup>
    <Filter Include="Source Files">
      <UniqueIdentifier>{4FC737F1-C7A5-4376-A066-2A32D752A2FF}</UniqueIdentifier>
      <Extensions>cpp;c;cc;cxx;c++;cppm;ixx;def;odl;idl;hpj;bat;asm;asmx</Extensions>
    </Filter>
    <Filter Include="Header Files">
      <UniqueIdentifier>{93995380-89BD-4b04-88EB-625FBE52EBFB}</UniqueIdentifier>
      <Extensions>h;hh;hpp;hxx;h++;hm;inl;inc;ipp;xsd</Extensions>
    </Filter>
    <Filter Include="Resource Files">
      <UniqueIdentifier>{67DA6AB6-F800-4c08-8B7A-83BB121AAD01}</UniqueIdentifier>
      <Extensions>rc;ico;cur;bmp;dlg;rc2;rct;bin;rgs;gif;jpg;jpeg;jpe;resx;tiff;tif;png;wav;mfcribbon-ms</Extensions>
    </Filter>
    <Filter Include="Header Files\Entities">
      <UniqueIdentifier>{b8d60cde-7817-452e-a60b-a45287419807}</UniqueIdentifier>
    </Filter>
    <Filter Include="Source Files\Entities">
      <UniqueIdentifier>{82f53e9c-dc03-42df-b8bd-c8b593968e7b}</UniqueIdentifier>
    </Filter>
    <Filter Include="Centipede">
      <UniqueIdentifier>{62d36414-cb1d-46f2-8a91-ec7323d19318}</UniqueIdentifier>
    </Filter>
    <Filter Include="Centipede\Source">
      <UniqueIdentifier>{7ce72375-b6c7-44f8-b00e-1271e2fd8d27}</UniqueIdentifier>
    </Filter>
    <Filter Include="Centipede\Header">
      <UniqueIdentifier>{8b9340ec-e861-4acb-ae9b-4c2e556f78ea}</UniqueIdentifier>
    </Filter>
    <Filter Include="Physics">
      <UniqueIdentifier>{8a5a8859-a11c-4385-9469-1a2ebb306dbf}</UniqueIdentifier>
    </Filter>
  </ItemGroup>
  <ItemGroup>
    <ClCompile Include="main.cpp">
      <Filter>Source Files</Filter>
    </ClCompile>
    <ClCompile Include="GameEntity.cpp">
      <Filter>Source Files\Entities</Filter>
    </ClCompile>
    <ClCompile Include="GameManager.cpp">
      <Filter>Source Files</Filter>
    </ClCompile>
    <ClCompile Include="Graphics.cpp">
      <Filter>Source Files</Filter>
    </ClCompile>
    <ClCompile Include="Timer.cpp">
      <Filter>Source Files</Filter>
    </ClCompile>
    <ClCompile Include="AssetManager.cpp">
      <Filter>Source Files</Filter>
    </ClCompile>
    <ClCompile Include="Texture.cpp">
      <Filter>Source Files\Entities</Filter>
    </ClCompile>
    <ClCompile Include="InputManager.cpp">
      <Filter>Source Files</Filter>
    </ClCompile>
    <ClCompile Include="AnimatedTexture.cpp">
      <Filter>Source Files\Entities</Filter>
    </ClCompile>
    <ClCompile Include="AudioManager.cpp">
      <Filter>Source Files</Filter>
    </ClCompile>
    <ClCompile Include="Random.cpp">
      <Filter>Source Files</Filter>
    </ClCompile>
    <ClCompile Include="BezierPath.cpp">
      <Filter>Source Files</Filter>
    </ClCompile>
    <ClCompile Include="Scoreboard.cpp">
      <Filter>Centipede\Source</Filter>
    </ClCompile>
    <ClCompile Include="Bullet.cpp">
      <Filter>Centipede\Source</Filter>
    </ClCompile>
    <ClCompile Include="Level.cpp">
      <Filter>Centipede\Source</Filter>
    </ClCompile>
    <ClCompile Include="Enemy.cpp">
      <Filter>Centipede\Source</Filter>
    </ClCompile>
    <ClCompile Include="Player.cpp">
      <Filter>Centipede\Source</Filter>
    </ClCompile>
    <ClCompile Include="PhysicsEntity.cpp">
      <Filter>Physics</Filter>
    </ClCompile>
    <ClCompile Include="Collider.cpp">
      <Filter>Physics</Filter>
    </ClCompile>
    <ClCompile Include="BoxCollider.cpp">
      <Filter>Physics</Filter>
    </ClCompile>
    <ClCompile Include="PhysicsManager.cpp">
      <Filter>Physics</Filter>
    </ClCompile>
    <ClCompile Include="CircleCollider.cpp">
      <Filter>Physics</Filter>
    </ClCompile>
    <ClCompile Include="Spider.cpp">
      <Filter>Centipede\Source</Filter>
    </ClCompile>
    <ClCompile Include="Scorpion.cpp">
      <Filter>Centipede\Source</Filter>
    </ClCompile>
    <ClCompile Include="Flea.cpp">
      <Filter>Centipede\Source</Filter>
    </ClCompile>
    <ClCompile Include="Centipede.cpp">
      <Filter>Centipede\Source</Filter>
    </ClCompile>
  </ItemGroup>
  <ItemGroup>
    <ClInclude Include="GameManager.h">
      <Filter>Header Files</Filter>
    </ClInclude>
    <ClInclude Include="GameEntity.h">
      <Filter>Header Files\Entities</Filter>
    </ClInclude>
    <ClInclude Include="Graphics.h">
      <Filter>Header Files</Filter>
    </ClInclude>
    <ClInclude Include="MathHelper.h">
      <Filter>Header Files</Filter>
    </ClInclude>
    <ClInclude Include="Timer.h">
      <Filter>Header Files</Filter>
    </ClInclude>
    <ClInclude Include="AssetManager.h">
      <Filter>Header Files</Filter>
    </ClInclude>
    <ClInclude Include="Texture.h">
      <Filter>Header Files\Entities</Filter>
    </ClInclude>
    <ClInclude Include="InputManager.h">
      <Filter>Header Files</Filter>
    </ClInclude>
    <ClInclude Include="AnimatedTexture.h">
      <Filter>Header Files\Entities</Filter>
    </ClInclude>
    <ClInclude Include="AudioManager.h">
      <Filter>Header Files</Filter>
    </ClInclude>
    <ClInclude Include="Random.h">
      <Filter>Header Files</Filter>
    </ClInclude>
    <ClInclude Include="BezierPath.h">
      <Filter>Header Files</Filter>
    </ClInclude>
    <ClInclude Include="Scoreboard.h">
      <Filter>Centipede\Header</Filter>
    </ClInclude>
    <ClInclude Include="Enemy.h">
      <Filter>Centipede\Header</Filter>
    </ClInclude>
    <ClInclude Include="Centipede.h">
      <Filter>Centipede\Header</Filter>
    </ClInclude>
    <ClInclude Include="Level.h">
      <Filter>Centipede\Header</Filter>
    </ClInclude>
    <ClInclude Include="Player.h">
      <Filter>Centipede\Header</Filter>
    </ClInclude>
    <ClInclude Include="Bullet.h">
      <Filter>Centipede\Header</Filter>
    </ClInclude>
    <ClInclude Include="PhysicsEntity.h">
      <Filter>Physics</Filter>
    </ClInclude>
    <ClInclude Include="Collider.h">
      <Filter>Physics</Filter>
    </ClInclude>
    <ClInclude Include="BoxCollider.h">
      <Filter>Physics</Filter>
    </ClInclude>
    <ClInclude Include="PhysicsManager.h">
      <Filter>Physics</Filter>
    </ClInclude>
    <ClInclude Include="PhysicsHelper.h">
      <Filter>Physics</Filter>
    </ClInclude>
    <ClInclude Include="CircleCollider.h">
      <Filter>Physics</Filter>
    </ClInclude>
    <ClInclude Include="Spider.h">
      <Filter>Centipede\Header</Filter>
    </ClInclude>
    <ClInclude Include="Scorpion.h">
      <Filter>Centipede\Header</Filter>
    </ClInclude>
    <ClInclude Include="Flea.h">
      <Filter>Centipede\Header</Filter>
    </ClInclude>
  </ItemGroup>
</Project>